
Microsoft Visual Studio Solution File, Format Version 12.00
# Visual Studio Version 16
VisualStudioVersion = 16.0.31515.178
MinimumVisualStudioVersion = 10.0.40219.1
Project("{FAE04EC0-301F-11D3-BF4B-00C04F79EFBC}") = "LuaLibrary", "LuaLibrary.csproj", "{4960299E-4226-4DFE-9A88-1D3DDCD8EC33}"
EndProject
Global
	GlobalSection(SolutionConfigurationPlatforms) = preSolution
		Debug|Any CPU = Debug|Any CPU
		Release|Any CPU = Release|Any CPU
	EndGlobalSection
	GlobalSection(ProjectConfigurationPlatforms) = postSolution
		{4960299E-4226-4DFE-9A88-1D3DDCD8EC33}.Debug|Any CPU.ActiveCfg = Debug|Any CPU
		{4960299E-4226-4DFE-9A88-1D3DDCD8EC33}.Debug|Any CPU.Build.0 = Debug|Any CPU
		{4960299E-4226-4DFE-9A88-1D3DDCD8EC33}.Release|Any CPU.ActiveCfg = Release|Any CPU
		{4960299E-4226-4DFE-9A88-1D3DDCD8EC33}.Release|Any CPU.Build.0 = Release|Any CPU
	EndGlobalSection
	GlobalSection(SolutionProperties) = preSolution
		HideSolutionNode = FALSE
	EndGlobalSection
	GlobalSection(ExtensibilityGlobals) = postSolution
		SolutionGuid = {E253753C-4BBA-454D-A62C-0C8EB1F27F97}
	EndGlobalSection
EndGlobal
